// !$*UTF8*$!
{
	archiveVersion = 1;
	classes = {
	};
	objectVersion = 56;
	objects = {

/* Begin PBXBuildFile section */
		FB597D3B29D325E8006F283D /* AppDelegate.swift in Sources */ = {isa = PBXBuildFile; fileRef = FB597D3A29D325E8006F283D /* AppDelegate.swift */; };
		FB597D3D29D325E8006F283D /* SceneDelegate.swift in Sources */ = {isa = PBXBuildFile; fileRef = FB597D3C29D325E8006F283D /* SceneDelegate.swift */; };
		FB597D4529D325E8006F283D /* SearchDaumBlog.xcdatamodeld in Sources */ = {isa = PBXBuildFile; fileRef = FB597D4329D325E8006F283D /* SearchDaumBlog.xcdatamodeld */; };
		FB597D4729D325E9006F283D /* Assets.xcassets in Resources */ = {isa = PBXBuildFile; fileRef = FB597D4629D325E9006F283D /* Assets.xcassets */; };
		FB597D4A29D325E9006F283D /* LaunchScreen.storyboard in Resources */ = {isa = PBXBuildFile; fileRef = FB597D4829D325E9006F283D /* LaunchScreen.storyboard */; };
		FB597D5329D32650006F283D /* RxCocoa in Frameworks */ = {isa = PBXBuildFile; productRef = FB597D5229D32650006F283D /* RxCocoa */; };
		FB597D5529D32650006F283D /* RxRelay in Frameworks */ = {isa = PBXBuildFile; productRef = FB597D5429D32650006F283D /* RxRelay */; };
		FB597D5729D32650006F283D /* RxSwift in Frameworks */ = {isa = PBXBuildFile; productRef = FB597D5629D32650006F283D /* RxSwift */; };
		FB597D5A29D32672006F283D /* Kingfisher in Frameworks */ = {isa = PBXBuildFile; productRef = FB597D5929D32672006F283D /* Kingfisher */; };
		FB597D5C29D326B2006F283D /* MainViewController.swift in Sources */ = {isa = PBXBuildFile; fileRef = FB597D5B29D326B2006F283D /* MainViewController.swift */; };
		FB597D5E29D3E5B9006F283D /* SearchBar.swift in Sources */ = {isa = PBXBuildFile; fileRef = FB597D5D29D3E5B9006F283D /* SearchBar.swift */; };
		FB597D6129D424A1006F283D /* SnapKit in Frameworks */ = {isa = PBXBuildFile; productRef = FB597D6029D424A1006F283D /* SnapKit */; };
		FB597D6329D425EA006F283D /* FilterView.swift in Sources */ = {isa = PBXBuildFile; fileRef = FB597D6229D425E9006F283D /* FilterView.swift */; };
		FB597D6529D4290D006F283D /* BlogListView.swift in Sources */ = {isa = PBXBuildFile; fileRef = FB597D6429D4290D006F283D /* BlogListView.swift */; };
		FB597D6729D42916006F283D /* BlogListCell.swift in Sources */ = {isa = PBXBuildFile; fileRef = FB597D6629D42916006F283D /* BlogListCell.swift */; };
		FB597D6929D4293A006F283D /* BlogListCellData.swift in Sources */ = {isa = PBXBuildFile; fileRef = FB597D6829D4293A006F283D /* BlogListCellData.swift */; };
		FB597D7029D43ABA006F283D /* AlertActionConvertible.swift in Sources */ = {isa = PBXBuildFile; fileRef = FB597D6F29D43ABA006F283D /* AlertActionConvertible.swift */; };
/* End PBXBuildFile section */

/* Begin PBXFileReference section */
		FB597D3729D325E8006F283D /* SearchDaumBlog.app */ = {isa = PBXFileReference; explicitFileType = wrapper.application; includeInIndex = 0; path = SearchDaumBlog.app; sourceTree = BUILT_PRODUCTS_DIR; };
		FB597D3A29D325E8006F283D /* AppDelegate.swift */ = {isa = PBXFileReference; lastKnownFileType = sourcecode.swift; path = AppDelegate.swift; sourceTree = "<group>"; };
		FB597D3C29D325E8006F283D /* SceneDelegate.swift */ = {isa = PBXFileReference; lastKnownFileType = sourcecode.swift; path = SceneDelegate.swift; sourceTree = "<group>"; };
		FB597D4429D325E8006F283D /* SearchDaumBlog.xcdatamodel */ = {isa = PBXFileReference; lastKnownFileType = wrapper.xcdatamodel; path = SearchDaumBlog.xcdatamodel; sourceTree = "<group>"; };
		FB597D4629D325E9006F283D /* Assets.xcassets */ = {isa = PBXFileReference; lastKnownFileType = folder.assetcatalog; path = Assets.xcassets; sourceTree = "<group>"; };
		FB597D4929D325E9006F283D /* Base */ = {isa = PBXFileReference; lastKnownFileType = file.storyboard; name = Base; path = Base.lproj/LaunchScreen.storyboard; sourceTree = "<group>"; };
		FB597D4B29D325E9006F283D /* Info.plist */ = {isa = PBXFileReference; lastKnownFileType = text.plist.xml; path = Info.plist; sourceTree = "<group>"; };
		FB597D5B29D326B2006F283D /* MainViewController.swift */ = {isa = PBXFileReference; lastKnownFileType = sourcecode.swift; path = MainViewController.swift; sourceTree = "<group>"; };
		FB597D5D29D3E5B9006F283D /* SearchBar.swift */ = {isa = PBXFileReference; lastKnownFileType = sourcecode.swift; path = SearchBar.swift; sourceTree = "<group>"; };
		FB597D6229D425E9006F283D /* FilterView.swift */ = {isa = PBXFileReference; lastKnownFileType = sourcecode.swift; path = FilterView.swift; sourceTree = "<group>"; };
		FB597D6429D4290D006F283D /* BlogListView.swift */ = {isa = PBXFileReference; lastKnownFileType = sourcecode.swift; path = BlogListView.swift; sourceTree = "<group>"; };
		FB597D6629D42916006F283D /* BlogListCell.swift */ = {isa = PBXFileReference; lastKnownFileType = sourcecode.swift; path = BlogListCell.swift; sourceTree = "<group>"; };
		FB597D6829D4293A006F283D /* BlogListCellData.swift */ = {isa = PBXFileReference; lastKnownFileType = sourcecode.swift; path = BlogListCellData.swift; sourceTree = "<group>"; };
		FB597D6F29D43ABA006F283D /* AlertActionConvertible.swift */ = {isa = PBXFileReference; lastKnownFileType = sourcecode.swift; path = AlertActionConvertible.swift; sourceTree = "<group>"; };
/* End PBXFileReference section */

/* Begin PBXFrameworksBuildPhase section */
		FB597D3429D325E8006F283D /* Frameworks */ = {
			isa = PBXFrameworksBuildPhase;
			buildActionMask = 2147483647;
			files = (
				FB597D5A29D32672006F283D /* Kingfisher in Frameworks */,
				FB597D5729D32650006F283D /* RxSwift in Frameworks */,
				FB597D5529D32650006F283D /* RxRelay in Frameworks */,
				FB597D5329D32650006F283D /* RxCocoa in Frameworks */,
				FB597D6129D424A1006F283D /* SnapKit in Frameworks */,
			);
			runOnlyForDeploymentPostprocessing = 0;
		};
/* End PBXFrameworksBuildPhase section */

/* Begin PBXGroup section */
		FB597D2E29D325E8006F283D = {
			isa = PBXGroup;
			children = (
				FB597D3929D325E8006F283D /* SearchDaumBlog */,
				FB597D3829D325E8006F283D /* Products */,
			);
			sourceTree = "<group>";
		};
		FB597D3829D325E8006F283D /* Products */ = {
			isa = PBXGroup;
			children = (
				FB597D3729D325E8006F283D /* SearchDaumBlog.app */,
			);
			name = Products;
			sourceTree = "<group>";
		};
		FB597D3929D325E8006F283D /* SearchDaumBlog */ = {
			isa = PBXGroup;
			children = (
				FB597D3A29D325E8006F283D /* AppDelegate.swift */,
				FB597D3C29D325E8006F283D /* SceneDelegate.swift */,
				FB597D4629D325E9006F283D /* Assets.xcassets */,
				FB597D4829D325E9006F283D /* LaunchScreen.storyboard */,
				FB597D4B29D325E9006F283D /* Info.plist */,
				FB597D4329D325E8006F283D /* SearchDaumBlog.xcdatamodeld */,
				FB597D6C29D42993006F283D /* Model */,
				FB597D6B29D42958006F283D /* View */,
			);
			path = SearchDaumBlog;
			sourceTree = "<group>";
		};
		FB597D6A29D42945006F283D /* SubViews */ = {
			isa = PBXGroup;
			children = (
				FB597D6229D425E9006F283D /* FilterView.swift */,
				FB597D6629D42916006F283D /* BlogListCell.swift */,
			);
			path = SubViews;
			sourceTree = "<group>";
		};
		FB597D6B29D42958006F283D /* View */ = {
			isa = PBXGroup;
			children = (
				FB597D5B29D326B2006F283D /* MainViewController.swift */,
				FB597D6D29D43893006F283D /* Subviews */,
			);
			path = View;
			sourceTree = "<group>";
		};
		FB597D6C29D42993006F283D /* Model */ = {
			isa = PBXGroup;
			children = (
				FB597D6829D4293A006F283D /* BlogListCellData.swift */,
				FB597D6F29D43ABA006F283D /* AlertActionConvertible.swift */,
			);
			path = Model;
			sourceTree = "<group>";
		};
		FB597D6D29D43893006F283D /* Subviews */ = {
			isa = PBXGroup;
			children = (
				FB597D5D29D3E5B9006F283D /* SearchBar.swift */,
				FB597D6E29D438F8006F283D /* BlogListView */,
			);
			path = Subviews;
			sourceTree = "<group>";
		};
		FB597D6E29D438F8006F283D /* BlogListView */ = {
			isa = PBXGroup;
			children = (
				FB597D6429D4290D006F283D /* BlogListView.swift */,
				FB597D6A29D42945006F283D /* SubViews */,
			);
			path = BlogListView;
			sourceTree = "<group>";
		};
/* End PBXGroup section */

/* Begin PBXNativeTarget section */
		FB597D3629D325E8006F283D /* SearchDaumBlog */ = {
			isa = PBXNativeTarget;
			buildConfigurationList = FB597D4E29D325E9006F283D /* Build configuration list for PBXNativeTarget "SearchDaumBlog" */;
			buildPhases = (
				FB597D3329D325E8006F283D /* Sources */,
				FB597D3429D325E8006F283D /* Frameworks */,
				FB597D3529D325E8006F283D /* Resources */,
			);
			buildRules = (
			);
			dependencies = (
			);
			name = SearchDaumBlog;
			packageProductDependencies = (
				FB597D5229D32650006F283D /* RxCocoa */,
				FB597D5429D32650006F283D /* RxRelay */,
				FB597D5629D32650006F283D /* RxSwift */,
				FB597D5929D32672006F283D /* Kingfisher */,
				FB597D6029D424A1006F283D /* SnapKit */,
			);
			productName = SearchDaumBlog;
			productReference = FB597D3729D325E8006F283D /* SearchDaumBlog.app */;
			productType = "com.apple.product-type.application";
		};
/* End PBXNativeTarget section */

/* Begin PBXProject section */
		FB597D2F29D325E8006F283D /* Project object */ = {
			isa = PBXProject;
			attributes = {
				BuildIndependentTargetsInParallel = 1;
				LastSwiftUpdateCheck = 1420;
				LastUpgradeCheck = 1420;
				TargetAttributes = {
					FB597D3629D325E8006F283D = {
						CreatedOnToolsVersion = 14.2;
					};
				};
			};
			buildConfigurationList = FB597D3229D325E8006F283D /* Build configuration list for PBXProject "SearchDaumBlog" */;
			compatibilityVersion = "Xcode 14.0";
			developmentRegion = en;
			hasScannedForEncodings = 0;
			knownRegions = (
				en,
				Base,
			);
			mainGroup = FB597D2E29D325E8006F283D;
			packageReferences = (
				FB597D5129D32650006F283D /* XCRemoteSwiftPackageReference "RxSwift" */,
				FB597D5829D32672006F283D /* XCRemoteSwiftPackageReference "Kingfisher" */,
				FB597D5F29D424A1006F283D /* XCRemoteSwiftPackageReference "SnapKit" */,
			);
			productRefGroup = FB597D3829D325E8006F283D /* Products */;
			projectDirPath = "";
			projectRoot = "";
			targets = (
				FB597D3629D325E8006F283D /* SearchDaumBlog */,
			);
		};
/* End PBXProject section */

/* Begin PBXResourcesBuildPhase section */
		FB597D3529D325E8006F283D /* Resources */ = {
			isa = PBXResourcesBuildPhase;
			buildActionMask = 2147483647;
			files = (
				FB597D4A29D325E9006F283D /* LaunchScreen.storyboard in Resources */,
				FB597D4729D325E9006F283D /* Assets.xcassets in Resources */,
			);
			runOnlyForDeploymentPostprocessing = 0;
		};
/* End PBXResourcesBuildPhase section */

/* Begin PBXSourcesBuildPhase section */
		FB597D3329D325E8006F283D /* Sources */ = {
			isa = PBXSourcesBuildPhase;
			buildActionMask = 2147483647;
			files = (
				FB597D4529D325E8006F283D /* SearchDaumBlog.xcdatamodeld in Sources */,
				FB597D6529D4290D006F283D /* BlogListView.swift in Sources */,
				FB597D7029D43ABA006F283D /* AlertActionConvertible.swift in Sources */,
				FB597D3B29D325E8006F283D /* AppDelegate.swift in Sources */,
				FB597D5E29D3E5B9006F283D /* SearchBar.swift in Sources */,
				FB597D3D29D325E8006F283D /* SceneDelegate.swift in Sources */,
				FB597D6729D42916006F283D /* BlogListCell.swift in Sources */,
				FB597D6329D425EA006F283D /* FilterView.swift in Sources */,
				FB597D6929D4293A006F283D /* BlogListCellData.swift in Sources */,
				FB597D5C29D326B2006F283D /* MainViewController.swift in Sources */,
			);
			runOnlyForDeploymentPostprocessing = 0;
		};
/* End PBXSourcesBuildPhase section */

/* Begin PBXVariantGroup section */
		FB597D4829D325E9006F283D /* LaunchScreen.storyboard */ = {
			isa = PBXVariantGroup;
			children = (
				FB597D4929D325E9006F283D /* Base */,
			);
			name = LaunchScreen.storyboard;
			sourceTree = "<group>";
		};
/* End PBXVariantGroup section */

/* Begin XCBuildConfiguration section */
		FB597D4C29D325E9006F283D /* Debug */ = {
			isa = XCBuildConfiguration;
			buildSettings = {
				ALWAYS_SEARCH_USER_PATHS = NO;
				CLANG_ANALYZER_NONNULL = YES;
				CLANG_ANALYZER_NUMBER_OBJECT_CONVERSION = YES_AGGRESSIVE;
				CLANG_CXX_LANGUAGE_STANDARD = "gnu++20";
				CLANG_ENABLE_MODULES = YES;
				CLANG_ENABLE_OBJC_ARC = YES;
				CLANG_ENABLE_OBJC_WEAK = YES;
				CLANG_WARN_BLOCK_CAPTURE_AUTORELEASING = YES;
				CLANG_WARN_BOOL_CONVERSION = YES;
				CLANG_WARN_COMMA = YES;
				CLANG_WARN_CONSTANT_CONVERSION = YES;
				CLANG_WARN_DEPRECATED_OBJC_IMPLEMENTATIONS = YES;
				CLANG_WARN_DIRECT_OBJC_ISA_USAGE = YES_ERROR;
				CLANG_WARN_DOCUMENTATION_COMMENTS = YES;
				CLANG_WARN_EMPTY_BODY = YES;
				CLANG_WARN_ENUM_CONVERSION = YES;
				CLANG_WARN_INFINITE_RECURSION = YES;
				CLANG_WARN_INT_CONVERSION = YES;
				CLANG_WARN_NON_LITERAL_NULL_CONVERSION = YES;
				CLANG_WARN_OBJC_IMPLICIT_RETAIN_SELF = YES;
				CLANG_WARN_OBJC_LITERAL_CONVERSION = YES;
				CLANG_WARN_OBJC_ROOT_CLASS = YES_ERROR;
				CLANG_WARN_QUOTED_INCLUDE_IN_FRAMEWORK_HEADER = YES;
				CLANG_WARN_RANGE_LOOP_ANALYSIS = YES;
				CLANG_WARN_STRICT_PROTOTYPES = YES;
				CLANG_WARN_SUSPICIOUS_MOVE = YES;
				CLANG_WARN_UNGUARDED_AVAILABILITY = YES_AGGRESSIVE;
				CLANG_WARN_UNREACHABLE_CODE = YES;
				CLANG_WARN__DUPLICATE_METHOD_MATCH = YES;
				COPY_PHASE_STRIP = NO;
				DEBUG_INFORMATION_FORMAT = dwarf;
				ENABLE_STRICT_OBJC_MSGSEND = YES;
				ENABLE_TESTABILITY = YES;
				GCC_C_LANGUAGE_STANDARD = gnu11;
				GCC_DYNAMIC_NO_PIC = NO;
				GCC_NO_COMMON_BLOCKS = YES;
				GCC_OPTIMIZATION_LEVEL = 0;
				GCC_PREPROCESSOR_DEFINITIONS = (
					"DEBUG=1",
					"$(inherited)",
				);
				GCC_WARN_64_TO_32_BIT_CONVERSION = YES;
				GCC_WARN_ABOUT_RETURN_TYPE = YES_ERROR;
				GCC_WARN_UNDECLARED_SELECTOR = YES;
				GCC_WARN_UNINITIALIZED_AUTOS = YES_AGGRESSIVE;
				GCC_WARN_UNUSED_FUNCTION = YES;
				GCC_WARN_UNUSED_VARIABLE = YES;
				IPHONEOS_DEPLOYMENT_TARGET = 16.2;
				MTL_ENABLE_DEBUG_INFO = INCLUDE_SOURCE;
				MTL_FAST_MATH = YES;
				ONLY_ACTIVE_ARCH = YES;
				SDKROOT = iphoneos;
				SWIFT_ACTIVE_COMPILATION_CONDITIONS = DEBUG;
				SWIFT_OPTIMIZATION_LEVEL = "-Onone";
			};
			name = Debug;
		};
		FB597D4D29D325E9006F283D /* Release */ = {
			isa = XCBuildConfiguration;
			buildSettings = {
				ALWAYS_SEARCH_USER_PATHS = NO;
				CLANG_ANALYZER_NONNULL = YES;
				CLANG_ANALYZER_NUMBER_OBJECT_CONVERSION = YES_AGGRESSIVE;
				CLANG_CXX_LANGUAGE_STANDARD = "gnu++20";
				CLANG_ENABLE_MODULES = YES;
				CLANG_ENABLE_OBJC_ARC = YES;
				CLANG_ENABLE_OBJC_WEAK = YES;
				CLANG_WARN_BLOCK_CAPTURE_AUTORELEASING = YES;
				CLANG_WARN_BOOL_CONVERSION = YES;
				CLANG_WARN_COMMA = YES;
				CLANG_WARN_CONSTANT_CONVERSION = YES;
				CLANG_WARN_DEPRECATED_OBJC_IMPLEMENTATIONS = YES;
				CLANG_WARN_DIRECT_OBJC_ISA_USAGE = YES_ERROR;
				CLANG_WARN_DOCUMENTATION_COMMENTS = YES;
				CLANG_WARN_EMPTY_BODY = YES;
				CLANG_WARN_ENUM_CONVERSION = YES;
				CLANG_WARN_INFINITE_RECURSION = YES;
				CLANG_WARN_INT_CONVERSION = YES;
				CLANG_WARN_NON_LITERAL_NULL_CONVERSION = YES;
				CLANG_WARN_OBJC_IMPLICIT_RETAIN_SELF = YES;
				CLANG_WARN_OBJC_LITERAL_CONVERSION = YES;
				CLANG_WARN_OBJC_ROOT_CLASS = YES_ERROR;
				CLANG_WARN_QUOTED_INCLUDE_IN_FRAMEWORK_HEADER = YES;
				CLANG_WARN_RANGE_LOOP_ANALYSIS = YES;
				CLANG_WARN_STRICT_PROTOTYPES = YES;
				CLANG_WARN_SUSPICIOUS_MOVE = YES;
				CLANG_WARN_UNGUARDED_AVAILABILITY = YES_AGGRESSIVE;
				CLANG_WARN_UNREACHABLE_CODE = YES;
				CLANG_WARN__DUPLICATE_METHOD_MATCH = YES;
				COPY_PHASE_STRIP = NO;
				DEBUG_INFORMATION_FORMAT = "dwarf-with-dsym";
				ENABLE_NS_ASSERTIONS = NO;
				ENABLE_STRICT_OBJC_MSGSEND = YES;
				GCC_C_LANGUAGE_STANDARD = gnu11;
				GCC_NO_COMMON_BLOCKS = YES;
				GCC_WARN_64_TO_32_BIT_CONVERSION = YES;
				GCC_WARN_ABOUT_RETURN_TYPE = YES_ERROR;
				GCC_WARN_UNDECLARED_SELECTOR = YES;
				GCC_WARN_UNINITIALIZED_AUTOS = YES_AGGRESSIVE;
				GCC_WARN_UNUSED_FUNCTION = YES;
				GCC_WARN_UNUSED_VARIABLE = YES;
				IPHONEOS_DEPLOYMENT_TARGET = 16.2;
				MTL_ENABLE_DEBUG_INFO = NO;
				MTL_FAST_MATH = YES;
				SDKROOT = iphoneos;
				SWIFT_COMPILATION_MODE = wholemodule;
				SWIFT_OPTIMIZATION_LEVEL = "-O";
				VALIDATE_PRODUCT = YES;
			};
			name = Release;
		};
		FB597D4F29D325E9006F283D /* Debug */ = {
			isa = XCBuildConfiguration;
			buildSettings = {
				ASSETCATALOG_COMPILER_APPICON_NAME = AppIcon;
				ASSETCATALOG_COMPILER_GLOBAL_ACCENT_COLOR_NAME = AccentColor;
				CODE_SIGN_STYLE = Automatic;
				CURRENT_PROJECT_VERSION = 1;
				DEVELOPMENT_TEAM = A2Z3TZ2R89;
				GENERATE_INFOPLIST_FILE = YES;
				INFOPLIST_FILE = SearchDaumBlog/Info.plist;
				INFOPLIST_KEY_UIApplicationSupportsIndirectInputEvents = YES;
				INFOPLIST_KEY_UILaunchStoryboardName = LaunchScreen;
				INFOPLIST_KEY_UISupportedInterfaceOrientations_iPad = "UIInterfaceOrientationPortrait UIInterfaceOrientationPortraitUpsideDown UIInterfaceOrientationLandscapeLeft UIInterfaceOrientationLandscapeRight";
				INFOPLIST_KEY_UISupportedInterfaceOrientations_iPhone = "UIInterfaceOrientationPortrait UIInterfaceOrientationLandscapeLeft UIInterfaceOrientationLandscapeRight";
				LD_RUNPATH_SEARCH_PATHS = (
					"$(inherited)",
					"@executable_path/Frameworks",
				);
				MARKETING_VERSION = 1.0;
				PRODUCT_BUNDLE_IDENTIFIER = lsw.SearchDaumBlog;
				PRODUCT_NAME = "$(TARGET_NAME)";
				SWIFT_EMIT_LOC_STRINGS = YES;
				SWIFT_VERSION = 5.0;
				TARGETED_DEVICE_FAMILY = "1,2";
			};
			name = Debug;
		};
		FB597D5029D325E9006F283D /* Release */ = {
			isa = XCBuildConfiguration;
			buildSettings = {
				ASSETCATALOG_COMPILER_APPICON_NAME = AppIcon;
				ASSETCATALOG_COMPILER_GLOBAL_ACCENT_COLOR_NAME = AccentColor;
				CODE_SIGN_STYLE = Automatic;
				CURRENT_PROJECT_VERSION = 1;
				DEVELOPMENT_TEAM = A2Z3TZ2R89;
				GENERATE_INFOPLIST_FILE = YES;
				INFOPLIST_FILE = SearchDaumBlog/Info.plist;
				INFOPLIST_KEY_UIApplicationSupportsIndirectInputEvents = YES;
				INFOPLIST_KEY_UILaunchStoryboardName = LaunchScreen;
				INFOPLIST_KEY_UISupportedInterfaceOrientations_iPad = "UIInterfaceOrientationPortrait UIInterfaceOrientationPortraitUpsideDown UIInterfaceOrientationLandscapeLeft UIInterfaceOrientationLandscapeRight";
				INFOPLIST_KEY_UISupportedInterfaceOrientations_iPhone = "UIInterfaceOrientationPortrait UIInterfaceOrientationLandscapeLeft UIInterfaceOrientationLandscapeRight";
				LD_RUNPATH_SEARCH_PATHS = (
					"$(inherited)",
					"@executable_path/Frameworks",
				);
				MARKETING_VERSION = 1.0;
				PRODUCT_BUNDLE_IDENTIFIER = lsw.SearchDaumBlog;
				PRODUCT_NAME = "$(TARGET_NAME)";
				SWIFT_EMIT_LOC_STRINGS = YES;
				SWIFT_VERSION = 5.0;
				TARGETED_DEVICE_FAMILY = "1,2";
			};
			name = Release;
		};
/* End XCBuildConfiguration section */

/* Begin XCConfigurationList section */
		FB597D3229D325E8006F283D /* Build configuration list for PBXProject "SearchDaumBlog" */ = {
			isa = XCConfigurationList;
			buildConfigurations = (
				FB597D4C29D325E9006F283D /* Debug */,
				FB597D4D29D325E9006F283D /* Release */,
			);
			defaultConfigurationIsVisible = 0;
			defaultConfigurationName = Release;
		};
		FB597D4E29D325E9006F283D /* Build configuration list for PBXNativeTarget "SearchDaumBlog" */ = {
			isa = XCConfigurationList;
			buildConfigurations = (
				FB597D4F29D325E9006F283D /* Debug */,
				FB597D5029D325E9006F283D /* Release */,
			);
			defaultConfigurationIsVisible = 0;
			defaultConfigurationName = Release;
		};
/* End XCConfigurationList section */

/* Begin XCRemoteSwiftPackageReference section */
		FB597D5129D32650006F283D /* XCRemoteSwiftPackageReference "RxSwift" */ = {
			isa = XCRemoteSwiftPackageReference;
			repositoryURL = "https://github.com/ReactiveX/RxSwift.git";
			requirement = {
				branch = main;
				kind = branch;
			};
		};
		FB597D5829D32672006F283D /* XCRemoteSwiftPackageReference "Kingfisher" */ = {
			isa = XCRemoteSwiftPackageReference;
			repositoryURL = "https://github.com/onevcat/Kingfisher.git";
			requirement = {
				branch = master;
				kind = branch;
			};
		};
		FB597D5F29D424A1006F283D /* XCRemoteSwiftPackageReference "SnapKit" */ = {
			isa = XCRemoteSwiftPackageReference;
			repositoryURL = "https://github.com/SnapKit/SnapKit.git";
			requirement = {
				branch = develop;
				kind = branch;
			};
		};
/* End XCRemoteSwiftPackageReference section */

/* Begin XCSwiftPackageProductDependency section */
		FB597D5229D32650006F283D /* RxCocoa */ = {
			isa = XCSwiftPackageProductDependency;
			package = FB597D5129D32650006F283D /* XCRemoteSwiftPackageReference "RxSwift" */;
			productName = RxCocoa;
		};
		FB597D5429D32650006F283D /* RxRelay */ = {
			isa = XCSwiftPackageProductDependency;
			package = FB597D5129D32650006F283D /* XCRemoteSwiftPackageReference "RxSwift" */;
			productName = RxRelay;
		};
		FB597D5629D32650006F283D /* RxSwift */ = {
			isa = XCSwiftPackageProductDependency;
			package = FB597D5129D32650006F283D /* XCRemoteSwiftPackageReference "RxSwift" */;
			productName = RxSwift;
		};
		FB597D5929D32672006F283D /* Kingfisher */ = {
			isa = XCSwiftPackageProductDependency;
			package = FB597D5829D32672006F283D /* XCRemoteSwiftPackageReference "Kingfisher" */;
			productName = Kingfisher;
		};
		FB597D6029D424A1006F283D /* SnapKit */ = {
			isa = XCSwiftPackageProductDependency;
			package = FB597D5F29D424A1006F283D /* XCRemoteSwiftPackageReference "SnapKit" */;
			productName = SnapKit;
		};
/* End XCSwiftPackageProductDependency section */

/* Begin XCVersionGroup section */
		FB597D4329D325E8006F283D /* SearchDaumBlog.xcdatamodeld */ = {
			isa = XCVersionGroup;
			children = (
				FB597D4429D325E8006F283D /* SearchDaumBlog.xcdatamodel */,
			);
			currentVersion = FB597D4429D325E8006F283D /* SearchDaumBlog.xcdatamodel */;
			path = SearchDaumBlog.xcdatamodeld;
			sourceTree = "<group>";
			versionGroupType = wrapper.xcdatamodel;
		};
/* End XCVersionGroup section */
	};
	rootObject = FB597D2F29D325E8006F283D /* Project object */;
}
